
Microsoft Visual Studio Solution File, Format Version 12.00
# Visual Studio Version 17
VisualStudioVersion = 17.0.31903.59
MinimumVisualStudioVersion = 10.0.40219.1
Project("{2150E333-8FDC-42A3-9474-1A3956D46DE8}") = "src", "src", "{827E0CD3-B72D-47B6-A68D-7590B98EB39B}"
EndProject
Project("{FAE04EC0-301F-11D3-BF4B-00C04F79EFBC}") = "Saga.Coordinator", "src\Saga.Coordinator\Saga.Coordinator.csproj", "{03F12144-6A9B-4F96-8EC5-0E686878A452}"
EndProject
Project("{FAE04EC0-301F-11D3-BF4B-00C04F79EFBC}") = "Service.CTA", "src\Service.CTA\Service.CTA.csproj", "{760D265D-0741-4805-9CC5-2E70065D721B}"
EndProject
Project("{FAE04EC0-301F-11D3-BF4B-00C04F79EFBC}") = "Service.Genesis", "src\Service.Genesis\Service.Genesis.csproj", "{40B085DD-469F-4E7F-91AA-1971A799D110}"
EndProject
Project("{FAE04EC0-301F-11D3-BF4B-00C04F79EFBC}") = "Service.PerfectCage", "src\Service.PerfectCage\Service.PerfectCage.csproj", "{685E6520-C8F1-4FC8-A4C9-B82E362FC9F4}"
EndProject
Project("{FAE04EC0-301F-11D3-BF4B-00C04F79EFBC}") = "Service.Query", "src\Service.Query\Service.Query.csproj", "{A084FFEF-B88F-4710-AD6A-88C07185B497}"
EndProject
Project("{FAE04EC0-301F-11D3-BF4B-00C04F79EFBC}") = "Service.Notification", "src\Service.Notification\Service.Notification.csproj", "{8FC6A51A-C840-4C44-AF02-A21EDC49028A}"
EndProject
Project("{FAE04EC0-301F-11D3-BF4B-00C04F79EFBC}") = "DaprSaga.Shared", "src\DaprSaga.Shared\DaprSaga.Shared.csproj", "{BC540745-3E7F-4CF6-A0F3-0323F9E0EABA}"
EndProject
Project("{FAE04EC0-301F-11D3-BF4B-00C04F79EFBC}") = "BusinessCoordinator", "src\BusinessCoordinator\BusinessCoordinator.csproj", "{4842BB75-7F31-48B1-922A-EDD5DA65C9B2}"
EndProject
Global
	GlobalSection(SolutionConfigurationPlatforms) = preSolution
		Debug|Any CPU = Debug|Any CPU
		Debug|x64 = Debug|x64
		Debug|x86 = Debug|x86
		Release|Any CPU = Release|Any CPU
		Release|x64 = Release|x64
		Release|x86 = Release|x86
	EndGlobalSection
	GlobalSection(ProjectConfigurationPlatforms) = postSolution
		{03F12144-6A9B-4F96-8EC5-0E686878A452}.Debug|Any CPU.ActiveCfg = Debug|Any CPU
		{03F12144-6A9B-4F96-8EC5-0E686878A452}.Debug|Any CPU.Build.0 = Debug|Any CPU
		{03F12144-6A9B-4F96-8EC5-0E686878A452}.Debug|x64.ActiveCfg = Debug|Any CPU
		{03F12144-6A9B-4F96-8EC5-0E686878A452}.Debug|x64.Build.0 = Debug|Any CPU
		{03F12144-6A9B-4F96-8EC5-0E686878A452}.Debug|x86.ActiveCfg = Debug|Any CPU
		{03F12144-6A9B-4F96-8EC5-0E686878A452}.Debug|x86.Build.0 = Debug|Any CPU
		{03F12144-6A9B-4F96-8EC5-0E686878A452}.Release|Any CPU.ActiveCfg = Release|Any CPU
		{03F12144-6A9B-4F96-8EC5-0E686878A452}.Release|Any CPU.Build.0 = Release|Any CPU
		{03F12144-6A9B-4F96-8EC5-0E686878A452}.Release|x64.ActiveCfg = Release|Any CPU
		{03F12144-6A9B-4F96-8EC5-0E686878A452}.Release|x64.Build.0 = Release|Any CPU
		{03F12144-6A9B-4F96-8EC5-0E686878A452}.Release|x86.ActiveCfg = Release|Any CPU
		{03F12144-6A9B-4F96-8EC5-0E686878A452}.Release|x86.Build.0 = Release|Any CPU
		{760D265D-0741-4805-9CC5-2E70065D721B}.Debug|Any CPU.ActiveCfg = Debug|Any CPU
		{760D265D-0741-4805-9CC5-2E70065D721B}.Debug|Any CPU.Build.0 = Debug|Any CPU
		{760D265D-0741-4805-9CC5-2E70065D721B}.Debug|x64.ActiveCfg = Debug|Any CPU
		{760D265D-0741-4805-9CC5-2E70065D721B}.Debug|x64.Build.0 = Debug|Any CPU
		{760D265D-0741-4805-9CC5-2E70065D721B}.Debug|x86.ActiveCfg = Debug|Any CPU
		{760D265D-0741-4805-9CC5-2E70065D721B}.Debug|x86.Build.0 = Debug|Any CPU
		{760D265D-0741-4805-9CC5-2E70065D721B}.Release|Any CPU.ActiveCfg = Release|Any CPU
		{760D265D-0741-4805-9CC5-2E70065D721B}.Release|Any CPU.Build.0 = Release|Any CPU
		{760D265D-0741-4805-9CC5-2E70065D721B}.Release|x64.ActiveCfg = Release|Any CPU
		{760D265D-0741-4805-9CC5-2E70065D721B}.Release|x64.Build.0 = Release|Any CPU
		{760D265D-0741-4805-9CC5-2E70065D721B}.Release|x86.ActiveCfg = Release|Any CPU
		{760D265D-0741-4805-9CC5-2E70065D721B}.Release|x86.Build.0 = Release|Any CPU
		{40B085DD-469F-4E7F-91AA-1971A799D110}.Debug|Any CPU.ActiveCfg = Debug|Any CPU
		{40B085DD-469F-4E7F-91AA-1971A799D110}.Debug|Any CPU.Build.0 = Debug|Any CPU
		{40B085DD-469F-4E7F-91AA-1971A799D110}.Debug|x64.ActiveCfg = Debug|Any CPU
		{40B085DD-469F-4E7F-91AA-1971A799D110}.Debug|x64.Build.0 = Debug|Any CPU
		{40B085DD-469F-4E7F-91AA-1971A799D110}.Debug|x86.ActiveCfg = Debug|Any CPU
		{40B085DD-469F-4E7F-91AA-1971A799D110}.Debug|x86.Build.0 = Debug|Any CPU
		{40B085DD-469F-4E7F-91AA-1971A799D110}.Release|Any CPU.ActiveCfg = Release|Any CPU
		{40B085DD-469F-4E7F-91AA-1971A799D110}.Release|Any CPU.Build.0 = Release|Any CPU
		{40B085DD-469F-4E7F-91AA-1971A799D110}.Release|x64.ActiveCfg = Release|Any CPU
		{40B085DD-469F-4E7F-91AA-1971A799D110}.Release|x64.Build.0 = Release|Any CPU
		{40B085DD-469F-4E7F-91AA-1971A799D110}.Release|x86.ActiveCfg = Release|Any CPU
		{40B085DD-469F-4E7F-91AA-1971A799D110}.Release|x86.Build.0 = Release|Any CPU
		{685E6520-C8F1-4FC8-A4C9-B82E362FC9F4}.Debug|Any CPU.ActiveCfg = Debug|Any CPU
		{685E6520-C8F1-4FC8-A4C9-B82E362FC9F4}.Debug|Any CPU.Build.0 = Debug|Any CPU
		{685E6520-C8F1-4FC8-A4C9-B82E362FC9F4}.Debug|x64.ActiveCfg = Debug|Any CPU
		{685E6520-C8F1-4FC8-A4C9-B82E362FC9F4}.Debug|x64.Build.0 = Debug|Any CPU
		{685E6520-C8F1-4FC8-A4C9-B82E362FC9F4}.Debug|x86.ActiveCfg = Debug|Any CPU
		{685E6520-C8F1-4FC8-A4C9-B82E362FC9F4}.Debug|x86.Build.0 = Debug|Any CPU
		{685E6520-C8F1-4FC8-A4C9-B82E362FC9F4}.Release|Any CPU.ActiveCfg = Release|Any CPU
		{685E6520-C8F1-4FC8-A4C9-B82E362FC9F4}.Release|Any CPU.Build.0 = Release|Any CPU
		{685E6520-C8F1-4FC8-A4C9-B82E362FC9F4}.Release|x64.ActiveCfg = Release|Any CPU
		{685E6520-C8F1-4FC8-A4C9-B82E362FC9F4}.Release|x64.Build.0 = Release|Any CPU
		{685E6520-C8F1-4FC8-A4C9-B82E362FC9F4}.Release|x86.ActiveCfg = Release|Any CPU
		{685E6520-C8F1-4FC8-A4C9-B82E362FC9F4}.Release|x86.Build.0 = Release|Any CPU
		{A084FFEF-B88F-4710-AD6A-88C07185B497}.Debug|Any CPU.ActiveCfg = Debug|Any CPU
		{A084FFEF-B88F-4710-AD6A-88C07185B497}.Debug|Any CPU.Build.0 = Debug|Any CPU
		{A084FFEF-B88F-4710-AD6A-88C07185B497}.Debug|x64.ActiveCfg = Debug|Any CPU
		{A084FFEF-B88F-4710-AD6A-88C07185B497}.Debug|x64.Build.0 = Debug|Any CPU
		{A084FFEF-B88F-4710-AD6A-88C07185B497}.Debug|x86.ActiveCfg = Debug|Any CPU
		{A084FFEF-B88F-4710-AD6A-88C07185B497}.Debug|x86.Build.0 = Debug|Any CPU
		{A084FFEF-B88F-4710-AD6A-88C07185B497}.Release|Any CPU.ActiveCfg = Release|Any CPU
		{A084FFEF-B88F-4710-AD6A-88C07185B497}.Release|Any CPU.Build.0 = Release|Any CPU
		{A084FFEF-B88F-4710-AD6A-88C07185B497}.Release|x64.ActiveCfg = Release|Any CPU
		{A084FFEF-B88F-4710-AD6A-88C07185B497}.Release|x64.Build.0 = Release|Any CPU
		{A084FFEF-B88F-4710-AD6A-88C07185B497}.Release|x86.ActiveCfg = Release|Any CPU
		{A084FFEF-B88F-4710-AD6A-88C07185B497}.Release|x86.Build.0 = Release|Any CPU
		{8FC6A51A-C840-4C44-AF02-A21EDC49028A}.Debug|Any CPU.ActiveCfg = Debug|Any CPU
		{8FC6A51A-C840-4C44-AF02-A21EDC49028A}.Debug|Any CPU.Build.0 = Debug|Any CPU
		{8FC6A51A-C840-4C44-AF02-A21EDC49028A}.Debug|x64.ActiveCfg = Debug|Any CPU
		{8FC6A51A-C840-4C44-AF02-A21EDC49028A}.Debug|x64.Build.0 = Debug|Any CPU
		{8FC6A51A-C840-4C44-AF02-A21EDC49028A}.Debug|x86.ActiveCfg = Debug|Any CPU
		{8FC6A51A-C840-4C44-AF02-A21EDC49028A}.Debug|x86.Build.0 = Debug|Any CPU
		{8FC6A51A-C840-4C44-AF02-A21EDC49028A}.Release|Any CPU.ActiveCfg = Release|Any CPU
		{8FC6A51A-C840-4C44-AF02-A21EDC49028A}.Release|Any CPU.Build.0 = Release|Any CPU
		{8FC6A51A-C840-4C44-AF02-A21EDC49028A}.Release|x64.ActiveCfg = Release|Any CPU
		{8FC6A51A-C840-4C44-AF02-A21EDC49028A}.Release|x64.Build.0 = Release|Any CPU
		{8FC6A51A-C840-4C44-AF02-A21EDC49028A}.Release|x86.ActiveCfg = Release|Any CPU
		{8FC6A51A-C840-4C44-AF02-A21EDC49028A}.Release|x86.Build.0 = Release|Any CPU
		{BC540745-3E7F-4CF6-A0F3-0323F9E0EABA}.Debug|Any CPU.ActiveCfg = Debug|Any CPU
		{BC540745-3E7F-4CF6-A0F3-0323F9E0EABA}.Debug|Any CPU.Build.0 = Debug|Any CPU
		{BC540745-3E7F-4CF6-A0F3-0323F9E0EABA}.Debug|x64.ActiveCfg = Debug|Any CPU
		{BC540745-3E7F-4CF6-A0F3-0323F9E0EABA}.Debug|x64.Build.0 = Debug|Any CPU
		{BC540745-3E7F-4CF6-A0F3-0323F9E0EABA}.Debug|x86.ActiveCfg = Debug|Any CPU
		{BC540745-3E7F-4CF6-A0F3-0323F9E0EABA}.Debug|x86.Build.0 = Debug|Any CPU
		{BC540745-3E7F-4CF6-A0F3-0323F9E0EABA}.Release|Any CPU.ActiveCfg = Release|Any CPU
		{BC540745-3E7F-4CF6-A0F3-0323F9E0EABA}.Release|Any CPU.Build.0 = Release|Any CPU
		{BC540745-3E7F-4CF6-A0F3-0323F9E0EABA}.Release|x64.ActiveCfg = Release|Any CPU
		{BC540745-3E7F-4CF6-A0F3-0323F9E0EABA}.Release|x64.Build.0 = Release|Any CPU
		{BC540745-3E7F-4CF6-A0F3-0323F9E0EABA}.Release|x86.ActiveCfg = Release|Any CPU
		{BC540745-3E7F-4CF6-A0F3-0323F9E0EABA}.Release|x86.Build.0 = Release|Any CPU
		{4842BB75-7F31-48B1-922A-EDD5DA65C9B2}.Debug|Any CPU.ActiveCfg = Debug|Any CPU
		{4842BB75-7F31-48B1-922A-EDD5DA65C9B2}.Debug|Any CPU.Build.0 = Debug|Any CPU
		{4842BB75-7F31-48B1-922A-EDD5DA65C9B2}.Debug|x64.ActiveCfg = Debug|Any CPU
		{4842BB75-7F31-48B1-922A-EDD5DA65C9B2}.Debug|x64.Build.0 = Debug|Any CPU
		{4842BB75-7F31-48B1-922A-EDD5DA65C9B2}.Debug|x86.ActiveCfg = Debug|Any CPU
		{4842BB75-7F31-48B1-922A-EDD5DA65C9B2}.Debug|x86.Build.0 = Debug|Any CPU
		{4842BB75-7F31-48B1-922A-EDD5DA65C9B2}.Release|Any CPU.ActiveCfg = Release|Any CPU
		{4842BB75-7F31-48B1-922A-EDD5DA65C9B2}.Release|Any CPU.Build.0 = Release|Any CPU
		{4842BB75-7F31-48B1-922A-EDD5DA65C9B2}.Release|x64.ActiveCfg = Release|Any CPU
		{4842BB75-7F31-48B1-922A-EDD5DA65C9B2}.Release|x64.Build.0 = Release|Any CPU
		{4842BB75-7F31-48B1-922A-EDD5DA65C9B2}.Release|x86.ActiveCfg = Release|Any CPU
		{4842BB75-7F31-48B1-922A-EDD5DA65C9B2}.Release|x86.Build.0 = Release|Any CPU
	EndGlobalSection
	GlobalSection(SolutionProperties) = preSolution
		HideSolutionNode = FALSE
	EndGlobalSection
	GlobalSection(NestedProjects) = preSolution
		{03F12144-6A9B-4F96-8EC5-0E686878A452} = {827E0CD3-B72D-47B6-A68D-7590B98EB39B}
		{760D265D-0741-4805-9CC5-2E70065D721B} = {827E0CD3-B72D-47B6-A68D-7590B98EB39B}
		{40B085DD-469F-4E7F-91AA-1971A799D110} = {827E0CD3-B72D-47B6-A68D-7590B98EB39B}
		{685E6520-C8F1-4FC8-A4C9-B82E362FC9F4} = {827E0CD3-B72D-47B6-A68D-7590B98EB39B}
		{A084FFEF-B88F-4710-AD6A-88C07185B497} = {827E0CD3-B72D-47B6-A68D-7590B98EB39B}
		{8FC6A51A-C840-4C44-AF02-A21EDC49028A} = {827E0CD3-B72D-47B6-A68D-7590B98EB39B}
		{BC540745-3E7F-4CF6-A0F3-0323F9E0EABA} = {827E0CD3-B72D-47B6-A68D-7590B98EB39B}
		{4842BB75-7F31-48B1-922A-EDD5DA65C9B2} = {827E0CD3-B72D-47B6-A68D-7590B98EB39B}
	EndGlobalSection
EndGlobal
